
Microsoft Visual Studio Solution File, Format Version 12.00
Project("{FAE04EC0-301F-11D3-BF4B-00C04F79EFBC}") = "Task1", "Task1\Task1.csproj", "{9CAF6755-4F67-429F-A1E5-067999F319BF}"
EndProject
Global
	GlobalSection(SolutionConfigurationPlatforms) = preSolution
		Debug|Any CPU = Debug|Any CPU
		Release|Any CPU = Release|Any CPU
	EndGlobalSection
	GlobalSection(ProjectConfigurationPlatforms) = postSolution
		{9CAF6755-4F67-429F-A1E5-067999F319BF}.Debug|Any CPU.ActiveCfg = Debug|Any CPU
		{9CAF6755-4F67-429F-A1E5-067999F319BF}.Debug|Any CPU.Build.0 = Debug|Any CPU
		{9CAF6755-4F67-429F-A1E5-067999F319BF}.Release|Any CPU.ActiveCfg = Release|Any CPU
		{9CAF6755-4F67-429F-A1E5-067999F319BF}.Release|Any CPU.Build.0 = Release|Any CPU
	EndGlobalSection
EndGlobal
